Microsoft Visual Studio Solution File, Format Version 12.00
# Visual Studio Version 17
VisualStudioVersion = 17.5.2.0
MinimumVisualStudioVersion = 10.0.40219.1
Project("{FAE04EC0-301F-11D3-BF4B-00C04F79EFBC}") = "StudyApiJson", "StudyApiJson\StudyApiJson.csproj", "{7C9F6673-BC9B-4F78-1393-597D57FDA043}"
EndProject
Project("{FAE04EC0-301F-11D3-BF4B-00C04F79EFBC}") = "DesenvolvendoApi", "DesenvolvendoApi\DesenvolvendoApi.csproj", "{C0388B25-72DE-473B-B39C-3108C6A04871}"
EndProject
Project("{FAE04EC0-301F-11D3-BF4B-00C04F79EFBC}") = "UsuarioApi", "UsuarioApi\UsuarioApi.csproj", "{978CF533-54C7-431B-B05D-230A66DBDA9B}"
EndProject
Global
	GlobalSection(SolutionConfigurationPlatforms) = preSolution
		Debug|Any CPU = Debug|Any CPU
		Release|Any CPU = Release|Any CPU
	EndGlobalSection
	GlobalSection(ProjectConfigurationPlatforms) = postSolution
		{7C9F6673-BC9B-4F78-1393-597D57FDA043}.Debug|Any CPU.ActiveCfg = Debug|Any CPU
		{7C9F6673-BC9B-4F78-1393-597D57FDA043}.Debug|Any CPU.Build.0 = Debug|Any CPU
		{7C9F6673-BC9B-4F78-1393-597D57FDA043}.Release|Any CPU.ActiveCfg = Release|Any CPU
		{7C9F6673-BC9B-4F78-1393-597D57FDA043}.Release|Any CPU.Build.0 = Release|Any CPU
		{C0388B25-72DE-473B-B39C-3108C6A04871}.Debug|Any CPU.ActiveCfg = Debug|Any CPU
		{C0388B25-72DE-473B-B39C-3108C6A04871}.Debug|Any CPU.Build.0 = Debug|Any CPU
		{C0388B25-72DE-473B-B39C-3108C6A04871}.Release|Any CPU.ActiveCfg = Release|Any CPU
		{C0388B25-72DE-473B-B39C-3108C6A04871}.Release|Any CPU.Build.0 = Release|Any CPU
		{978CF533-54C7-431B-B05D-230A66DBDA9B}.Debug|Any CPU.ActiveCfg = Debug|Any CPU
		{978CF533-54C7-431B-B05D-230A66DBDA9B}.Debug|Any CPU.Build.0 = Debug|Any CPU
		{978CF533-54C7-431B-B05D-230A66DBDA9B}.Release|Any CPU.ActiveCfg = Release|Any CPU
		{978CF533-54C7-431B-B05D-230A66DBDA9B}.Release|Any CPU.Build.0 = Release|Any CPU
	EndGlobalSection
	GlobalSection(SolutionProperties) = preSolution
		HideSolutionNode = FALSE
	EndGlobalSection
	GlobalSection(ExtensibilityGlobals) = postSolution
		SolutionGuid = {1C47F72C-9C19-4A73-9829-7596487BB0E8}
	EndGlobalSection
EndGlobal
